github.com/common-nighthawk/go-figure v0.0.0-20210622060536-734e95fb86be h1:J5BL2kskAlV9ckgEsNQXscjIaLiOYiZ75d4e94E6dcQ=
github.com/common-nighthawk/go-figure v0.0.0-20210622060536-734e95fb86be/go.mod h1:mk5IQ+Y0ZeO87b858TlA645sVcEcbiX6YqP98kt+7+w=
github.com/dhawton/log4g v0.99.2 h1:1s+Z3D8sMGfxq5EZzU7meHW0uqFC6LXaIwiCWz6pRCQ=
github.com/dhawton/log4g v0.99.2/go.mod h1:YVfgLeiC2HNBBggPpIYoP+SjPy50yXDEzf/5XHjJc1Y=
github.com/dhawton/log4g v0.99.3 h1:KDfZOY2W5VBzMSeUi8YJpBVsw5FfBs3D9PVQQc+aTSY=
github.com/dhawton/log4g v0.99.3/go.mod h1:YVfgLeiC2HNBBggPpIYoP+SjPy50yXDEzf/5XHjJc1Y=
github.com/go-sql-driver/mysql v1.6.0 h1:BCTh4TKNUYmOmMUcQ3IipzF5prigylS7XXjEkfCHuOE=
github.com/go-sql-driver/mysql v1.6.0/go.mod h1:DCzpHaOWr8IXmIStZouvnhqoel9Qv2LBy8hT2VhHyBg=
github.com/jinzhu/inflection v1.0.0 h1:K317FqzuhWc8YvSVlFMCCUb36O/S9MCKRDI7QkRKD/E=
github.com/jinzhu/inflection v1.0.0/go.mod h1:h+uFLlag+Qp1Va5pdKtLDYj+kHp5pxUVkryuEj+Srlc=
github.com/jinzhu/now v1.1.2 h1:eVKgfIdy9b6zbWBMgFpfDPoAMifwSZagU9HmEU6zgiI=
github.com/jinzhu/now v1.1.2/go.mod h1:d3SSVoowX0Lcu0IBviAWJpolVfI5UJVZZ7cO71lE/z8=
github.com/joho/godotenv v1.3.0 h1:Zjp+RcGpHhGlrMbJzXTrZZPrWj+1vfm90La1wgB6Bhc=
github.com/joho/godotenv v1.3.0/go.mod h1:7hK45KPybAkOC6peb+G5yklZfMxEjkZhHbwpqxOKXbg=
github.com/vchicago/common v0.0.0-20210711183623-0e4241586242 h1:6tCyEMb5Q7MPFP0Aq6Nfk8x0iQae/vZvIPm739KkSNo=
github.com/vchicago/common v0.0.0-20210711183623-0e4241586242/go.mod h1:l6VVMU43Iz9EcGwH8WHq54f7sJBGBilWRBKqBjpCwuw=
github.com/vchicago/common v0.0.0-20210712014016-5713837bd65d h1:KQdSyRB0pq7XGh4IgJiB9JHBBePlVff8IzBkgh0Hkvo=
github.com/vchicago/common v0.0.0-20210712014016-5713837bd65d/go.mod h1:l6VVMU43Iz9EcGwH8WHq54f7sJBGBilWRBKqBjpCwuw=
github.com/vchicago/types v0.0.0-20210711164926-4c35b2cd8e18 h1:gapvNd+utiEX+/UyVDL7SrTvniqQtEz8T06RWldU1n0=
github.com/vchicago/types v0.0.0-20210711164926-4c35b2cd8e18/go.mod h1:n13UVTFIkREf2gnCH7RL7pUcVbTgfmiCyhUxh3v0arA=
github.com/vchicago/types v0.0.0-20210712001734-637d9510540f h1:Ux9eejEPSnWmvzsJXYt4jIKARqnJhv500nWqro6UccY=
github.com/vchicago/types v0.0.0-20210712001734-637d9510540f/go.mod h1:n13UVTFIkREf2gnCH7RL7pUcVbTgfmiCyhUxh3v0arA=
github.com/vchicago/types v0.0.0-20210712025007-28a82fd67544 h1:ANzmQZBkZAcMw5P5iNT7kTr9IZuqreJAq4fS7cFeSFI=
github.com/vchicago/types v0.0.0-20210712025007-28a82fd67544/go.mod h1:n13UVTFIkREf2gnCH7RL7pUcVbTgfmiCyhUxh3v0arA=
github.com/vchicago/types v0.0.0-20210712030458-2d4b0af0b1f1 h1:yUA10ohvbCl54Ocy2feZYdGDdKEJfm4BrCe3qztzjTs=
github.com/vchicago/types v0.0.0-20210712030458-2d4b0af0b1f1/go.mod h1:n13UVTFIkREf2gnCH7RL7pUcVbTgfmiCyhUxh3v0arA=
github.com/vchicago/types v0.0.0-20210712031319-d8c6f84b58a1 h1:T5QuEkclGI4avSbGveQ9wzYmq51DqGz5YIfXEN15t2g=
github.com/vchicago/types v0.0.0-20210712031319-d8c6f84b58a1/go.mod h1:n13UVTFIkREf2gnCH7RL7pUcVbTgfmiCyhUxh3v0arA=
github.com/vchicago/types v0.0.0-20210717181749-11f02edb3efa h1:RA72qncpQSwy1O0zrg+TbZmeCdvfCni3WXwwg2+z4mU=
github.com/vchicago/types v0.0.0-20210717181749-11f02edb3efa/go.mod h1:n13UVTFIkREf2gnCH7RL7pUcVbTgfmiCyhUxh3v0arA=
gorm.io/driver/mysql v1.1.1 h1:yr1bpyqiwuSPJ4aGGUX9nu46RHXlF8RASQVb1QQNcvo=
gorm.io/driver/mysql v1.1.1/go.mod h1:KdrTanmfLPPyAOeYGyG+UpDys7/7eeWT1zCq+oekYnU=
gorm.io/gorm v1.21.9/go.mod h1:F+OptMscr0P2F2qU97WT1WimdH9GaQPoDW7AYd5i2Y0=
gorm.io/gorm v1.21.11 h1:CxkXW6Cc+VIBlL8yJEHq+Co4RYXdSLiMKNvgoZPjLK4=
gorm.io/gorm v1.21.11/go.mod h1:F+OptMscr0P2F2qU97WT1WimdH9GaQPoDW7AYd5i2Y0=
